// !$*UTF8*$!
{
	archiveVersion = 1;
	classes = {
	};
	objectVersion = 56;
	objects = {

/* Begin PBXBuildFile section */
		6379D6332C90F64D009CC639 /* SimpleTodoApp.swift in Sources */ = {isa = PBXBuildFile; fileRef = 6379D6322C90F64D009CC639 /* SimpleTodoApp.swift */; };
		6379D6352C90F64D009CC639 /* ContentView.swift in Sources */ = {isa = PBXBuildFile; fileRef = 6379D6342C90F64D009CC639 /* ContentView.swift */; };
		6379D6372C90F64D009CC639 /* Assets.xcassets in Resources */ = {isa = PBXBuildFile; fileRef = 6379D6362C90F64D009CC639 /* Assets.xcassets */; };
		6379D63A2C90F64D009CC639 /* Preview Assets.xcassets in Resources */ = {isa = PBXBuildFile; fileRef = 6379D6392C90F64D009CC639 /* Preview Assets.xcassets */; };
		6379D63C2C90F64D009CC639 /* Persistence.swift in Sources */ = {isa = PBXBuildFile; fileRef = 6379D63B2C90F64D009CC639 /* Persistence.swift */; };
		6379D63F2C90F64D009CC639 /* SimpleTodo.xcdatamodeld in Sources */ = {isa = PBXBuildFile; fileRef = 6379D63D2C90F64D009CC639 /* SimpleTodo.xcdatamodeld */; };
		6379D6492C90F64E009CC639 /* SimpleTodoTests.swift in Sources */ = {isa = PBXBuildFile; fileRef = 6379D6482C90F64E009CC639 /* SimpleTodoTests.swift */; };
		6379D6532C90F64E009CC639 /* SimpleTodoUITests.swift in Sources */ = {isa = PBXBuildFile; fileRef = 6379D6522C90F64E009CC639 /* SimpleTodoUITests.swift */; };
		6379D6552C90F64E009CC639 /* SimpleTodoUITestsLaunchTests.swift in Sources */ = {isa = PBXBuildFile; fileRef = 6379D6542C90F64E009CC639 /* SimpleTodoUITestsLaunchTests.swift */; };
		6379D6622C90F657009CC639 /* TaskView.swift in Sources */ = {isa = PBXBuildFile; fileRef = 6379D6612C90F657009CC639 /* TaskView.swift */; };
		639B19482C91AE0A0035918A /* AddTask.swift in Sources */ = {isa = PBXBuildFile; fileRef = 639B19472C91AE0A0035918A /* AddTask.swift */; };
/* End PBXBuildFile section */

/* Begin PBXContainerItemProxy section */
		6379D6452C90F64E009CC639 /* PBXContainerItemProxy */ = {
			isa = PBXContainerItemProxy;
			containerPortal = 6379D6272C90F64D009CC639 /* Project object */;
			proxyType = 1;
			remoteGlobalIDString = 6379D62E2C90F64D009CC639;
			remoteInfo = SimpleTodo;
		};
		6379D64F2C90F64E009CC639 /* PBXContainerItemProxy */ = {
			isa = PBXContainerItemProxy;
			containerPortal = 6379D6272C90F64D009CC639 /* Project object */;
			proxyType = 1;
			remoteGlobalIDString = 6379D62E2C90F64D009CC639;
			remoteInfo = SimpleTodo;
		};
/* End PBXContainerItemProxy section */

/* Begin PBXFileReference section */
		6379D62F2C90F64D009CC639 /* SimpleTodo.app */ = {isa = PBXFileReference; explicitFileType = wrapper.application; includeInIndex = 0; path = SimpleTodo.app; sourceTree = BUILT_PRODUCTS_DIR; };
		6379D6322C90F64D009CC639 /* SimpleTodoApp.swift */ = {isa = PBXFileReference; lastKnownFileType = sourcecode.swift; path = SimpleTodoApp.swift; sourceTree = "<group>"; };
		6379D6342C90F64D009CC639 /* ContentView.swift */ = {isa = PBXFileReference; lastKnownFileType = sourcecode.swift; path = ContentView.swift; sourceTree = "<group>"; };
		6379D6362C90F64D009CC639 /* Assets.xcassets */ = {isa = PBXFileReference; lastKnownFileType = folder.assetcatalog; path = Assets.xcassets; sourceTree = "<group>"; };
		6379D6392C90F64D009CC639 /* Preview Assets.xcassets */ = {isa = PBXFileReference; lastKnownFileType = folder.assetcatalog; path = "Preview Assets.xcassets"; sourceTree = "<group>"; };
		6379D63B2C90F64D009CC639 /* Persistence.swift */ = {isa = PBXFileReference; lastKnownFileType = sourcecode.swift; path = Persistence.swift; sourceTree = "<group>"; };
		6379D63E2C90F64D009CC639 /* SimpleTodo.xcdatamodel */ = {isa = PBXFileReference; lastKnownFileType = wrapper.xcdatamodel; path = SimpleTodo.xcdatamodel; sourceTree = "<group>"; };
		6379D6442C90F64E009CC639 /* SimpleTodoTests.xctest */ = {isa = PBXFileReference; explicitFileType = wrapper.cfbundle; includeInIndex = 0; path = SimpleTodoTests.xctest; sourceTree = BUILT_PRODUCTS_DIR; };
		6379D6482C90F64E009CC639 /* SimpleTodoTests.swift */ = {isa = PBXFileReference; lastKnownFileType = sourcecode.swift; path = SimpleTodoTests.swift; sourceTree = "<group>"; };
		6379D64E2C90F64E009CC639 /* SimpleTodoUITests.xctest */ = {isa = PBXFileReference; explicitFileType = wrapper.cfbundle; includeInIndex = 0; path = SimpleTodoUITests.xctest; sourceTree = BUILT_PRODUCTS_DIR; };
		6379D6522C90F64E009CC639 /* SimpleTodoUITests.swift */ = {isa = PBXFileReference; lastKnownFileType = sourcecode.swift; path = SimpleTodoUITests.swift; sourceTree = "<group>"; };
		6379D6542C90F64E009CC639 /* SimpleTodoUITestsLaunchTests.swift */ = {isa = PBXFileReference; lastKnownFileType = sourcecode.swift; path = SimpleTodoUITestsLaunchTests.swift; sourceTree = "<group>"; };
		6379D6612C90F657009CC639 /* TaskView.swift */ = {isa = PBXFileReference; lastKnownFileType = sourcecode.swift; path = TaskView.swift; sourceTree = "<group>"; };
		639B19472C91AE0A0035918A /* AddTask.swift */ = {isa = PBXFileReference; lastKnownFileType = sourcecode.swift; path = AddTask.swift; sourceTree = "<group>"; };
/* End PBXFileReference section */

/* Begin PBXFrameworksBuildPhase section */
		6379D62C2C90F64D009CC639 /* Frameworks */ = {
			isa = PBXFrameworksBuildPhase;
			buildActionMask = 2147483647;
			files = (
			);
			runOnlyForDeploymentPostprocessing = 0;
		};
		6379D6412C90F64E009CC639 /* Frameworks */ = {
			isa = PBXFrameworksBuildPhase;
			buildActionMask = 2147483647;
			files = (
			);
			runOnlyForDeploymentPostprocessing = 0;
		};
		6379D64B2C90F64E009CC639 /* Frameworks */ = {
			isa = PBXFrameworksBuildPhase;
			buildActionMask = 2147483647;
			files = (
			);
			runOnlyForDeploymentPostprocessing = 0;
		};
/* End PBXFrameworksBuildPhase section */

/* Begin PBXGroup section */
		6379D6262C90F64D009CC639 = {
			isa = PBXGroup;
			children = (
				6379D6312C90F64D009CC639 /* SimpleTodo */,
				6379D6472C90F64E009CC639 /* SimpleTodoTests */,
				6379D6512C90F64E009CC639 /* SimpleTodoUITests */,
				6379D6302C90F64D009CC639 /* Products */,
			);
			sourceTree = "<group>";
		};
		6379D6302C90F64D009CC639 /* Products */ = {
			isa = PBXGroup;
			children = (
				6379D62F2C90F64D009CC639 /* SimpleTodo.app */,
				6379D6442C90F64E009CC639 /* SimpleTodoTests.xctest */,
				6379D64E2C90F64E009CC639 /* SimpleTodoUITests.xctest */,
			);
			name = Products;
			sourceTree = "<group>";
		};
		6379D6312C90F64D009CC639 /* SimpleTodo */ = {
			isa = PBXGroup;
			children = (
				6379D6322C90F64D009CC639 /* SimpleTodoApp.swift */,
				6379D6342C90F64D009CC639 /* ContentView.swift */,
				6379D6362C90F64D009CC639 /* Assets.xcassets */,
				6379D63B2C90F64D009CC639 /* Persistence.swift */,
				6379D63D2C90F64D009CC639 /* SimpleTodo.xcdatamodeld */,
				6379D6382C90F64D009CC639 /* Preview Content */,
				6379D6612C90F657009CC639 /* TaskView.swift */,
				639B19472C91AE0A0035918A /* AddTask.swift */,
			);
			path = SimpleTodo;
			sourceTree = "<group>";
		};
		6379D6382C90F64D009CC639 /* Preview Content */ = {
			isa = PBXGroup;
			children = (
				6379D6392C90F64D009CC639 /* Preview Assets.xcassets */,
			);
			path = "Preview Content";
			sourceTree = "<group>";
		};
		6379D6472C90F64E009CC639 /* SimpleTodoTests */ = {
			isa = PBXGroup;
			children = (
				6379D6482C90F64E009CC639 /* SimpleTodoTests.swift */,
			);
			path = SimpleTodoTests;
			sourceTree = "<group>";
		};
		6379D6512C90F64E009CC639 /* SimpleTodoUITests */ = {
			isa = PBXGroup;
			children = (
				6379D6522C90F64E009CC639 /* SimpleTodoUITests.swift */,
				6379D6542C90F64E009CC639 /* SimpleTodoUITestsLaunchTests.swift */,
			);
			path = SimpleTodoUITests;
			sourceTree = "<group>";
		};
/* End PBXGroup section */

/* Begin PBXNativeTarget section */
		6379D62E2C90F64D009CC639 /* SimpleTodo */ = {
			isa = PBXNativeTarget;
			buildConfigurationList = 6379D6582C90F64E009CC639 /* Build configuration list for PBXNativeTarget "SimpleTodo" */;
			buildPhases = (
				6379D62B2C90F64D009CC639 /* Sources */,
				6379D62C2C90F64D009CC639 /* Frameworks */,
				6379D62D2C90F64D009CC639 /* Resources */,
			);
			buildRules = (
			);
			dependencies = (
			);
			name = SimpleTodo;
			productName = SimpleTodo;
			productReference = 6379D62F2C90F64D009CC639 /* SimpleTodo.app */;
			productType = "com.apple.product-type.application";
		};
		6379D6432C90F64E009CC639 /* SimpleTodoTests */ = {
			isa = PBXNativeTarget;
			buildConfigurationList = 6379D65B2C90F64E009CC639 /* Build configuration list for PBXNativeTarget "SimpleTodoTests" */;
			buildPhases = (
				6379D6402C90F64E009CC639 /* Sources */,
				6379D6412C90F64E009CC639 /* Frameworks */,
				6379D6422C90F64E009CC639 /* Resources */,
			);
			buildRules = (
			);
			dependencies = (
				6379D6462C90F64E009CC639 /* PBXTargetDependency */,
			);
			name = SimpleTodoTests;
			productName = SimpleTodoTests;
			productReference = 6379D6442C90F64E009CC639 /* SimpleTodoTests.xctest */;
			productType = "com.apple.product-type.bundle.unit-test";
		};
		6379D64D2C90F64E009CC639 /* SimpleTodoUITests */ = {
			isa = PBXNativeTarget;
			buildConfigurationList = 6379D65E2C90F64E009CC639 /* Build configuration list for PBXNativeTarget "SimpleTodoUITests" */;
			buildPhases = (
				6379D64A2C90F64E009CC639 /* Sources */,
				6379D64B2C90F64E009CC639 /* Frameworks */,
				6379D64C2C90F64E009CC639 /* Resources */,
			);
			buildRules = (
			);
			dependencies = (
				6379D6502C90F64E009CC639 /* PBXTargetDependency */,
			);
			name = SimpleTodoUITests;
			productName = SimpleTodoUITests;
			productReference = 6379D64E2C90F64E009CC639 /* SimpleTodoUITests.xctest */;
			productType = "com.apple.product-type.bundle.ui-testing";
		};
/* End PBXNativeTarget section */

/* Begin PBXProject section */
		6379D6272C90F64D009CC639 /* Project object */ = {
			isa = PBXProject;
			attributes = {
				BuildIndependentTargetsInParallel = 1;
				LastSwiftUpdateCheck = 1540;
				LastUpgradeCheck = 1540;
				TargetAttributes = {
					6379D62E2C90F64D009CC639 = {
						CreatedOnToolsVersion = 15.4;
					};
					6379D6432C90F64E009CC639 = {
						CreatedOnToolsVersion = 15.4;
						TestTargetID = 6379D62E2C90F64D009CC639;
					};
					6379D64D2C90F64E009CC639 = {
						CreatedOnToolsVersion = 15.4;
						TestTargetID = 6379D62E2C90F64D009CC639;
					};
				};
			};
			buildConfigurationList = 6379D62A2C90F64D009CC639 /* Build configuration list for PBXProject "SimpleTodo" */;
			compatibilityVersion = "Xcode 14.0";
			developmentRegion = en;
			hasScannedForEncodings = 0;
			knownRegions = (
				en,
				Base,
			);
			mainGroup = 6379D6262C90F64D009CC639;
			productRefGroup = 6379D6302C90F64D009CC639 /* Products */;
			projectDirPath = "";
			projectRoot = "";
			targets = (
				6379D62E2C90F64D009CC639 /* SimpleTodo */,
				6379D6432C90F64E009CC639 /* SimpleTodoTests */,
				6379D64D2C90F64E009CC639 /* SimpleTodoUITests */,
			);
		};
/* End PBXProject section */

/* Begin PBXResourcesBuildPhase section */
		6379D62D2C90F64D009CC639 /* Resources */ = {
			isa = PBXResourcesBuildPhase;
			buildActionMask = 2147483647;
			files = (
				6379D63A2C90F64D009CC639 /* Preview Assets.xcassets in Resources */,
				6379D6372C90F64D009CC639 /* Assets.xcassets in Resources */,
			);
			runOnlyForDeploymentPostprocessing = 0;
		};
		6379D6422C90F64E009CC639 /* Resources */ = {
			isa = PBXResourcesBuildPhase;
			buildActionMask = 2147483647;
			files = (
			);
			runOnlyForDeploymentPostprocessing = 0;
		};
		6379D64C2C90F64E009CC639 /* Resources */ = {
			isa = PBXResourcesBuildPhase;
			buildActionMask = 2147483647;
			files = (
			);
			runOnlyForDeploymentPostprocessing = 0;
		};
/* End PBXResourcesBuildPhase section */

/* Begin PBXSourcesBuildPhase section */
		6379D62B2C90F64D009CC639 /* Sources */ = {
			isa = PBXSourcesBuildPhase;
			buildActionMask = 2147483647;
			files = (
				6379D63C2C90F64D009CC639 /* Persistence.swift in Sources */,
				6379D6352C90F64D009CC639 /* ContentView.swift in Sources */,
				639B19482C91AE0A0035918A /* AddTask.swift in Sources */,
				6379D6332C90F64D009CC639 /* SimpleTodoApp.swift in Sources */,
				6379D6622C90F657009CC639 /* TaskView.swift in Sources */,
				6379D63F2C90F64D009CC639 /* SimpleTodo.xcdatamodeld in Sources */,
			);
			runOnlyForDeploymentPostprocessing = 0;
		};
		6379D6402C90F64E009CC639 /* Sources */ = {
			isa = PBXSourcesBuildPhase;
			buildActionMask = 2147483647;
			files = (
				6379D6492C90F64E009CC639 /* SimpleTodoTests.swift in Sources */,
			);
			runOnlyForDeploymentPostprocessing = 0;
		};
		6379D64A2C90F64E009CC639 /* Sources */ = {
			isa = PBXSourcesBuildPhase;
			buildActionMask = 2147483647;
			files = (
				6379D6552C90F64E009CC639 /* SimpleTodoUITestsLaunchTests.swift in Sources */,
				6379D6532C90F64E009CC639 /* SimpleTodoUITests.swift in Sources */,
			);
			runOnlyForDeploymentPostprocessing = 0;
		};
/* End PBXSourcesBuildPhase section */

/* Begin PBXTargetDependency section */
		6379D6462C90F64E009CC639 /* PBXTargetDependency */ = {
			isa = PBXTargetDependency;
			target = 6379D62E2C90F64D009CC639 /* SimpleTodo */;
			targetProxy = 6379D6452C90F64E009CC639 /* PBXContainerItemProxy */;
		};
		6379D6502C90F64E009CC639 /* PBXTargetDependency */ = {
			isa = PBXTargetDependency;
			target = 6379D62E2C90F64D009CC639 /* SimpleTodo */;
			targetProxy = 6379D64F2C90F64E009CC639 /* PBXContainerItemProxy */;
		};
/* End PBXTargetDependency section */

/* Begin XCBuildConfiguration section */
		6379D6562C90F64E009CC639 /* Debug */ = {
			isa = XCBuildConfiguration;
			buildSettings = {
				ALWAYS_SEARCH_USER_PATHS = NO;
				ASSETCATALOG_COMPILER_GENERATE_SWIFT_ASSET_SYMBOL_EXTENSIONS = YES;
				CLANG_ANALYZER_NONNULL = YES;
				CLANG_ANALYZER_NUMBER_OBJECT_CONVERSION = YES_AGGRESSIVE;
				CLANG_CXX_LANGUAGE_STANDARD = "gnu++20";
				CLANG_ENABLE_MODULES = YES;
				CLANG_ENABLE_OBJC_ARC = YES;
				CLANG_ENABLE_OBJC_WEAK = YES;
				CLANG_WARN_BLOCK_CAPTURE_AUTORELEASING = YES;
				CLANG_WARN_BOOL_CONVERSION = YES;
				CLANG_WARN_COMMA = YES;
				CLANG_WARN_CONSTANT_CONVERSION = YES;
				CLANG_WARN_DEPRECATED_OBJC_IMPLEMENTATIONS = YES;
				CLANG_WARN_DIRECT_OBJC_ISA_USAGE = YES_ERROR;
				CLANG_WARN_DOCUMENTATION_COMMENTS = YES;
				CLANG_WARN_EMPTY_BODY = YES;
				CLANG_WARN_ENUM_CONVERSION = YES;
				CLANG_WARN_INFINITE_RECURSION = YES;
				CLANG_WARN_INT_CONVERSION = YES;
				CLANG_WARN_NON_LITERAL_NULL_CONVERSION = YES;
				CLANG_WARN_OBJC_IMPLICIT_RETAIN_SELF = YES;
				CLANG_WARN_OBJC_LITERAL_CONVERSION = YES;
				CLANG_WARN_OBJC_ROOT_CLASS = YES_ERROR;
				CLANG_WARN_QUOTED_INCLUDE_IN_FRAMEWORK_HEADER = YES;
				CLANG_WARN_RANGE_LOOP_ANALYSIS = YES;
				CLANG_WARN_STRICT_PROTOTYPES = YES;
				CLANG_WARN_SUSPICIOUS_MOVE = YES;
				CLANG_WARN_UNGUARDED_AVAILABILITY = YES_AGGRESSIVE;
				CLANG_WARN_UNREACHABLE_CODE = YES;
				CLANG_WARN__DUPLICATE_METHOD_MATCH = YES;
				COPY_PHASE_STRIP = NO;
				DEBUG_INFORMATION_FORMAT = dwarf;
				ENABLE_STRICT_OBJC_MSGSEND = YES;
				ENABLE_TESTABILITY = YES;
				ENABLE_USER_SCRIPT_SANDBOXING = YES;
				GCC_C_LANGUAGE_STANDARD = gnu17;
				GCC_DYNAMIC_NO_PIC = NO;
				GCC_NO_COMMON_BLOCKS = YES;
				GCC_OPTIMIZATION_LEVEL = 0;
				GCC_PREPROCESSOR_DEFINITIONS = (
					"DEBUG=1",
					"$(inherited)",
				);
				GCC_WARN_64_TO_32_BIT_CONVERSION = YES;
				GCC_WARN_ABOUT_RETURN_TYPE = YES_ERROR;
				GCC_WARN_UNDECLARED_SELECTOR = YES;
				GCC_WARN_UNINITIALIZED_AUTOS = YES_AGGRESSIVE;
				GCC_WARN_UNUSED_FUNCTION = YES;
				GCC_WARN_UNUSED_VARIABLE = YES;
				IPHONEOS_DEPLOYMENT_TARGET = 17.5;
				LOCALIZATION_PREFERS_STRING_CATALOGS = YES;
				MTL_ENABLE_DEBUG_INFO = INCLUDE_SOURCE;
				MTL_FAST_MATH = YES;
				ONLY_ACTIVE_ARCH = YES;
				SDKROOT = iphoneos;
				SWIFT_ACTIVE_COMPILATION_CONDITIONS = "DEBUG $(inherited)";
				SWIFT_OPTIMIZATION_LEVEL = "-Onone";
			};
			name = Debug;
		};
		6379D6572C90F64E009CC639 /* Release */ = {
			isa = XCBuildConfiguration;
			buildSettings = {
				ALWAYS_SEARCH_USER_PATHS = NO;
				ASSETCATALOG_COMPILER_GENERATE_SWIFT_ASSET_SYMBOL_EXTENSIONS = YES;
				CLANG_ANALYZER_NONNULL = YES;
				CLANG_ANALYZER_NUMBER_OBJECT_CONVERSION = YES_AGGRESSIVE;
				CLANG_CXX_LANGUAGE_STANDARD = "gnu++20";
				CLANG_ENABLE_MODULES = YES;
				CLANG_ENABLE_OBJC_ARC = YES;
				CLANG_ENABLE_OBJC_WEAK = YES;
				CLANG_WARN_BLOCK_CAPTURE_AUTORELEASING = YES;
				CLANG_WARN_BOOL_CONVERSION = YES;
				CLANG_WARN_COMMA = YES;
				CLANG_WARN_CONSTANT_CONVERSION = YES;
				CLANG_WARN_DEPRECATED_OBJC_IMPLEMENTATIONS = YES;
				CLANG_WARN_DIRECT_OBJC_ISA_USAGE = YES_ERROR;
				CLANG_WARN_DOCUMENTATION_COMMENTS = YES;
				CLANG_WARN_EMPTY_BODY = YES;
				CLANG_WARN_ENUM_CONVERSION = YES;
				CLANG_WARN_INFINITE_RECURSION = YES;
				CLANG_WARN_INT_CONVERSION = YES;
				CLANG_WARN_NON_LITERAL_NULL_CONVERSION = YES;
				CLANG_WARN_OBJC_IMPLICIT_RETAIN_SELF = YES;
				CLANG_WARN_OBJC_LITERAL_CONVERSION = YES;
				CLANG_WARN_OBJC_ROOT_CLASS = YES_ERROR;
				CLANG_WARN_QUOTED_INCLUDE_IN_FRAMEWORK_HEADER = YES;
				CLANG_WARN_RANGE_LOOP_ANALYSIS = YES;
				CLANG_WARN_STRICT_PROTOTYPES = YES;
				CLANG_WARN_SUSPICIOUS_MOVE = YES;
				CLANG_WARN_UNGUARDED_AVAILABILITY = YES_AGGRESSIVE;
				CLANG_WARN_UNREACHABLE_CODE = YES;
				CLANG_WARN__DUPLICATE_METHOD_MATCH = YES;
				COPY_PHASE_STRIP = NO;
				DEBUG_INFORMATION_FORMAT = "dwarf-with-dsym";
				ENABLE_NS_ASSERTIONS = NO;
				ENABLE_STRICT_OBJC_MSGSEND = YES;
				ENABLE_USER_SCRIPT_SANDBOXING = YES;
				GCC_C_LANGUAGE_STANDARD = gnu17;
				GCC_NO_COMMON_BLOCKS = YES;
				GCC_WARN_64_TO_32_BIT_CONVERSION = YES;
				GCC_WARN_ABOUT_RETURN_TYPE = YES_ERROR;
				GCC_WARN_UNDECLARED_SELECTOR = YES;
				GCC_WARN_UNINITIALIZED_AUTOS = YES_AGGRESSIVE;
				GCC_WARN_UNUSED_FUNCTION = YES;
				GCC_WARN_UNUSED_VARIABLE = YES;
				IPHONEOS_DEPLOYMENT_TARGET = 17.5;
				LOCALIZATION_PREFERS_STRING_CATALOGS = YES;
				MTL_ENABLE_DEBUG_INFO = NO;
				MTL_FAST_MATH = YES;
				SDKROOT = iphoneos;
				SWIFT_COMPILATION_MODE = wholemodule;
				VALIDATE_PRODUCT = YES;
			};
			name = Release;
		};
		6379D6592C90F64E009CC639 /* Debug */ = {
			isa = XCBuildConfiguration;
			buildSettings = {
				ASSETCATALOG_COMPILER_APPICON_NAME = AppIcon;
				ASSETCATALOG_COMPILER_GLOBAL_ACCENT_COLOR_NAME = AccentColor;
				CODE_SIGN_STYLE = Automatic;
				CURRENT_PROJECT_VERSION = 1;
				DEVELOPMENT_ASSET_PATHS = "\"SimpleTodo/Preview Content\"";
				DEVELOPMENT_TEAM = C2KZ9FWN67;
				ENABLE_PREVIEWS = YES;
				GENERATE_INFOPLIST_FILE = YES;
				INFOPLIST_KEY_UIApplicationSceneManifest_Generation = YES;
				INFOPLIST_KEY_UIApplicationSupportsIndirectInputEvents = YES;
				INFOPLIST_KEY_UILaunchScreen_Generation = YES;
				INFOPLIST_KEY_UISupportedInterfaceOrientations_iPad = "UIInterfaceOrientationPortrait UIInterfaceOrientationPortraitUpsideDown UIInterfaceOrientationLandscapeLeft UIInterfaceOrientationLandscapeRight";
				INFOPLIST_KEY_UISupportedInterfaceOrientations_iPhone = "UIInterfaceOrientationPortrait UIInterfaceOrientationLandscapeLeft UIInterfaceOrientationLandscapeRight";
				LD_RUNPATH_SEARCH_PATHS = (
					"$(inherited)",
					"@executable_path/Frameworks",
				);
				MARKETING_VERSION = 1.0;
				PRODUCT_BUNDLE_IDENTIFIER = aleksandrKalashnikov.SimpleTodo;
				PRODUCT_NAME = "$(TARGET_NAME)";
				SWIFT_EMIT_LOC_STRINGS = YES;
				SWIFT_VERSION = 5.0;
				TARGETED_DEVICE_FAMILY = "1,2";
			};
			name = Debug;
		};
		6379D65A2C90F64E009CC639 /* Release */ = {
			isa = XCBuildConfiguration;
			buildSettings = {
				ASSETCATALOG_COMPILER_APPICON_NAME = AppIcon;
				ASSETCATALOG_COMPILER_GLOBAL_ACCENT_COLOR_NAME = AccentColor;
				CODE_SIGN_STYLE = Automatic;
				CURRENT_PROJECT_VERSION = 1;
				DEVELOPMENT_ASSET_PATHS = "\"SimpleTodo/Preview Content\"";
				DEVELOPMENT_TEAM = C2KZ9FWN67;
				ENABLE_PREVIEWS = YES;
				GENERATE_INFOPLIST_FILE = YES;
				INFOPLIST_KEY_UIApplicationSceneManifest_Generation = YES;
				INFOPLIST_KEY_UIApplicationSupportsIndirectInputEvents = YES;
				INFOPLIST_KEY_UILaunchScreen_Generation = YES;
				INFOPLIST_KEY_UISupportedInterfaceOrientations_iPad = "UIInterfaceOrientationPortrait UIInterfaceOrientationPortraitUpsideDown UIInterfaceOrientationLandscapeLeft UIInterfaceOrientationLandscapeRight";
				INFOPLIST_KEY_UISupportedInterfaceOrientations_iPhone = "UIInterfaceOrientationPortrait UIInterfaceOrientationLandscapeLeft UIInterfaceOrientationLandscapeRight";
				LD_RUNPATH_SEARCH_PATHS = (
					"$(inherited)",
					"@executable_path/Frameworks",
				);
				MARKETING_VERSION = 1.0;
				PRODUCT_BUNDLE_IDENTIFIER = aleksandrKalashnikov.SimpleTodo;
				PRODUCT_NAME = "$(TARGET_NAME)";
				SWIFT_EMIT_LOC_STRINGS = YES;
				SWIFT_VERSION = 5.0;
				TARGETED_DEVICE_FAMILY = "1,2";
			};
			name = Release;
		};
		6379D65C2C90F64E009CC639 /* Debug */ = {
			isa = XCBuildConfiguration;
			buildSettings = {
				ALWAYS_EMBED_SWIFT_STANDARD_LIBRARIES = YES;
				BUNDLE_LOADER = "$(TEST_HOST)";
				CODE_SIGN_STYLE = Automatic;
				CURRENT_PROJECT_VERSION = 1;
				DEVELOPMENT_TEAM = C2KZ9FWN67;
				GENERATE_INFOPLIST_FILE = YES;
				IPHONEOS_DEPLOYMENT_TARGET = 17.5;
				MARKETING_VERSION = 1.0;
				PRODUCT_BUNDLE_IDENTIFIER = aleksandrKalashnikov.SimpleTodoTests;
				PRODUCT_NAME = "$(TARGET_NAME)";
				SWIFT_EMIT_LOC_STRINGS = NO;
				SWIFT_VERSION = 5.0;
				TARGETED_DEVICE_FAMILY = "1,2";
				TEST_HOST = "$(BUILT_PRODUCTS_DIR)/SimpleTodo.app/$(BUNDLE_EXECUTABLE_FOLDER_PATH)/SimpleTodo";
			};
			name = Debug;
		};
		6379D65D2C90F64E009CC639 /* Release */ = {
			isa = XCBuildConfiguration;
			buildSettings = {
				ALWAYS_EMBED_SWIFT_STANDARD_LIBRARIES = YES;
				BUNDLE_LOADER = "$(TEST_HOST)";
				CODE_SIGN_STYLE = Automatic;
				CURRENT_PROJECT_VERSION = 1;
				DEVELOPMENT_TEAM = C2KZ9FWN67;
				GENERATE_INFOPLIST_FILE = YES;
				IPHONEOS_DEPLOYMENT_TARGET = 17.5;
				MARKETING_VERSION = 1.0;
				PRODUCT_BUNDLE_IDENTIFIER = aleksandrKalashnikov.SimpleTodoTests;
				PRODUCT_NAME = "$(TARGET_NAME)";
				SWIFT_EMIT_LOC_STRINGS = NO;
				SWIFT_VERSION = 5.0;
				TARGETED_DEVICE_FAMILY = "1,2";
				TEST_HOST = "$(BUILT_PRODUCTS_DIR)/SimpleTodo.app/$(BUNDLE_EXECUTABLE_FOLDER_PATH)/SimpleTodo";
			};
			name = Release;
		};
		6379D65F2C90F64E009CC639 /* Debug */ = {
			isa = XCBuildConfiguration;
			buildSettings = {
				ALWAYS_EMBED_SWIFT_STANDARD_LIBRARIES = YES;
				CODE_SIGN_STYLE = Automatic;
				CURRENT_PROJECT_VERSION = 1;
				DEVELOPMENT_TEAM = C2KZ9FWN67;
				GENERATE_INFOPLIST_FILE = YES;
				MARKETING_VERSION = 1.0;
				PRODUCT_BUNDLE_IDENTIFIER = aleksandrKalashnikov.SimpleTodoUITests;
				PRODUCT_NAME = "$(TARGET_NAME)";
				SWIFT_EMIT_LOC_STRINGS = NO;
				SWIFT_VERSION = 5.0;
				TARGETED_DEVICE_FAMILY = "1,2";
				TEST_TARGET_NAME = SimpleTodo;
			};
			name = Debug;
		};
		6379D6602C90F64E009CC639 /* Release */ = {
			isa = XCBuildConfiguration;
			buildSettings = {
				ALWAYS_EMBED_SWIFT_STANDARD_LIBRARIES = YES;
				CODE_SIGN_STYLE = Automatic;
				CURRENT_PROJECT_VERSION = 1;
				DEVELOPMENT_TEAM = C2KZ9FWN67;
				GENERATE_INFOPLIST_FILE = YES;
				MARKETING_VERSION = 1.0;
				PRODUCT_BUNDLE_IDENTIFIER = aleksandrKalashnikov.SimpleTodoUITests;
				PRODUCT_NAME = "$(TARGET_NAME)";
				SWIFT_EMIT_LOC_STRINGS = NO;
				SWIFT_VERSION = 5.0;
				TARGETED_DEVICE_FAMILY = "1,2";
				TEST_TARGET_NAME = SimpleTodo;
			};
			name = Release;
		};
/* End XCBuildConfiguration section */

/* Begin XCConfigurationList section */
		6379D62A2C90F64D009CC639 /* Build configuration list for PBXProject "SimpleTodo" */ = {
			isa = XCConfigurationList;
			buildConfigurations = (
				6379D6562C90F64E009CC639 /* Debug */,
				6379D6572C90F64E009CC639 /* Release */,
			);
			defaultConfigurationIsVisible = 0;
			defaultConfigurationName = Release;
		};
		6379D6582C90F64E009CC639 /* Build configuration list for PBXNativeTarget "SimpleTodo" */ = {
			isa = XCConfigurationList;
			buildConfigurations = (
				6379D6592C90F64E009CC639 /* Debug */,
				6379D65A2C90F64E009CC639 /* Release */,
			);
			defaultConfigurationIsVisible = 0;
			defaultConfigurationName = Release;
		};
		6379D65B2C90F64E009CC639 /* Build configuration list for PBXNativeTarget "SimpleTodoTests" */ = {
			isa = XCConfigurationList;
			buildConfigurations = (
				6379D65C2C90F64E009CC639 /* Debug */,
				6379D65D2C90F64E009CC639 /* Release */,
			);
			defaultConfigurationIsVisible = 0;
			defaultConfigurationName = Release;
		};
		6379D65E2C90F64E009CC639 /* Build configuration list for PBXNativeTarget "SimpleTodoUITests" */ = {
			isa = XCConfigurationList;
			buildConfigurations = (
				6379D65F2C90F64E009CC639 /* Debug */,
				6379D6602C90F64E009CC639 /* Release */,
			);
			defaultConfigurationIsVisible = 0;
			defaultConfigurationName = Release;
		};
/* End XCConfigurationList section */

/* Begin XCVersionGroup section */
		6379D63D2C90F64D009CC639 /* SimpleTodo.xcdatamodeld */ = {
			isa = XCVersionGroup;
			children = (
				6379D63E2C90F64D009CC639 /* SimpleTodo.xcdatamodel */,
			);
			currentVersion = 6379D63E2C90F64D009CC639 /* SimpleTodo.xcdatamodel */;
			path = SimpleTodo.xcdatamodeld;
			sourceTree = "<group>";
			versionGroupType = wrapper.xcdatamodel;
		};
/* End XCVersionGroup section */
	};
	rootObject = 6379D6272C90F64D009CC639 /* Project object */;
}
